
Microsoft Visual Studio Solution File, Format Version 12.00
Project("{FAE04EC0-301F-11D3-BF4B-00C04F79EFBC}") = "AuthAPI", "AuthAPI\AuthAPI.csproj", "{B606B9A2-4909-4CD3-89A5-EA13E2760204}"
EndProject
Project("{FAE04EC0-301F-11D3-BF4B-00C04F79EFBC}") = "AuthAPI.Tests", "AuthAPI.Tests\AuthAPI.Tests.csproj", "{F4E0243C-0D7B-4DBE-83CE-D308006D7C88}"
EndProject
Global
	GlobalSection(SolutionConfigurationPlatforms) = preSolution
		Debug|Any CPU = Debug|Any CPU
		Release|Any CPU = Release|Any CPU
	EndGlobalSection
	GlobalSection(ProjectConfigurationPlatforms) = postSolution
		{B606B9A2-4909-4CD3-89A5-EA13E2760204}.Debug|Any CPU.ActiveCfg = Debug|Any CPU
		{B606B9A2-4909-4CD3-89A5-EA13E2760204}.Debug|Any CPU.Build.0 = Debug|Any CPU
		{B606B9A2-4909-4CD3-89A5-EA13E2760204}.Release|Any CPU.ActiveCfg = Release|Any CPU
		{B606B9A2-4909-4CD3-89A5-EA13E2760204}.Release|Any CPU.Build.0 = Release|Any CPU
		{F4E0243C-0D7B-4DBE-83CE-D308006D7C88}.Debug|Any CPU.ActiveCfg = Debug|Any CPU
		{F4E0243C-0D7B-4DBE-83CE-D308006D7C88}.Debug|Any CPU.Build.0 = Debug|Any CPU
		{F4E0243C-0D7B-4DBE-83CE-D308006D7C88}.Release|Any CPU.ActiveCfg = Release|Any CPU
		{F4E0243C-0D7B-4DBE-83CE-D308006D7C88}.Release|Any CPU.Build.0 = Release|Any CPU
	EndGlobalSection
EndGlobal
